{
  "originHash" : "ecdf7e2ba881cc4c3545d8e27124e5ddf921dd110bc144bc962eeb063a8c09dd",
  "pins" : [
    {
      "identity" : "alamofire",
      "kind" : "remoteSourceControl",
      "location" : "https://github.com/Alamofire/Alamofire.git",
      "state" : {
        "revision" : "7be73f6c2b5cd90e40798b06ebd5da8f9f79cf88",
        "version" : "5.11.0"
      }
    },
    {
      "identity" : "kingfisher",
      "kind" : "remoteSourceControl",
      "location" : "https://github.com/onevcat/Kingfisher.git",
      "state" : {
        "revision" : "d30a5fad881137e2267f96a8e3fc35c58999bb94",
        "version" : "8.6.2"
      }
    },
    {
      "identity" : "moyasar-ios-sdk",
      "kind" : "remoteSourceControl",
      "location" : "https://github.com/moyasar/moyasar-ios-sdk",
      "state" : {
        "revision" : "57bd58daec1e9408476beace18a45c8af1267158",
        "version" : "3.2.0"
      }
    }
  ],
  "version" : 3
}
